// !$*UTF8*$!
{
	archiveVersion = 1;
	classes = {
	};
	objectVersion = 51;
	objects = {

/* Begin PBXBuildFile section */
		690132503D971188C3C4DBB9 /* Pods_Hazzle.framework in Frameworks */ = {isa = PBXBuildFile; fileRef = 93AAFFFDE1E692191246C896 /* Pods_Hazzle.framework */; };
		872C15F8253EB833007EC5A3 /* Habit.swift in Sources */ = {isa = PBXBuildFile; fileRef = 872C15F7253EB833007EC5A3 /* Habit.swift */; };
		872C15FB253EB905007EC5A3 /* Memo.swift in Sources */ = {isa = PBXBuildFile; fileRef = 872C15FA253EB905007EC5A3 /* Memo.swift */; };
		87E277712539B34300D0F2B2 /* AppDelegate.swift in Sources */ = {isa = PBXBuildFile; fileRef = 87E277702539B34300D0F2B2 /* AppDelegate.swift */; };
		87E277732539B34300D0F2B2 /* SceneDelegate.swift in Sources */ = {isa = PBXBuildFile; fileRef = 87E277722539B34300D0F2B2 /* SceneDelegate.swift */; };
		87E277752539B34300D0F2B2 /* ViewController.swift in Sources */ = {isa = PBXBuildFile; fileRef = 87E277742539B34300D0F2B2 /* ViewController.swift */; };
		87E277782539B34300D0F2B2 /* Main.storyboard in Resources */ = {isa = PBXBuildFile; fileRef = 87E277762539B34300D0F2B2 /* Main.storyboard */; };
		87E2777A2539B34400D0F2B2 /* Assets.xcassets in Resources */ = {isa = PBXBuildFile; fileRef = 87E277792539B34400D0F2B2 /* Assets.xcassets */; };
		87E2777D2539B34400D0F2B2 /* LaunchScreen.storyboard in Resources */ = {isa = PBXBuildFile; fileRef = 87E2777B2539B34400D0F2B2 /* LaunchScreen.storyboard */; };
/* End PBXBuildFile section */

/* Begin PBXFileReference section */
		872C15F7253EB833007EC5A3 /* Habit.swift */ = {isa = PBXFileReference; lastKnownFileType = sourcecode.swift; path = Habit.swift; sourceTree = "<group>"; };
		872C15FA253EB905007EC5A3 /* Memo.swift */ = {isa = PBXFileReference; lastKnownFileType = sourcecode.swift; path = Memo.swift; sourceTree = "<group>"; };
		87E2776D2539B34300D0F2B2 /* Hazzle.app */ = {isa = PBXFileReference; explicitFileType = wrapper.application; includeInIndex = 0; path = Hazzle.app; sourceTree = BUILT_PRODUCTS_DIR; };
		87E277702539B34300D0F2B2 /* AppDelegate.swift */ = {isa = PBXFileReference; lastKnownFileType = sourcecode.swift; path = AppDelegate.swift; sourceTree = "<group>"; };
		87E277722539B34300D0F2B2 /* SceneDelegate.swift */ = {isa = PBXFileReference; lastKnownFileType = sourcecode.swift; path = SceneDelegate.swift; sourceTree = "<group>"; };
		87E277742539B34300D0F2B2 /* ViewController.swift */ = {isa = PBXFileReference; lastKnownFileType = sourcecode.swift; path = ViewController.swift; sourceTree = "<group>"; };
		87E277772539B34300D0F2B2 /* Base */ = {isa = PBXFileReference; lastKnownFileType = file.storyboard; name = Base; path = Base.lproj/Main.storyboard; sourceTree = "<group>"; };
		87E277792539B34400D0F2B2 /* Assets.xcassets */ = {isa = PBXFileReference; lastKnownFileType = folder.assetcatalog; path = Assets.xcassets; sourceTree = "<group>"; };
		87E2777C2539B34400D0F2B2 /* Base */ = {isa = PBXFileReference; lastKnownFileType = file.storyboard; name = Base; path = Base.lproj/LaunchScreen.storyboard; sourceTree = "<group>"; };
		87E2777E2539B34400D0F2B2 /* Info.plist */ = {isa = PBXFileReference; lastKnownFileType = text.plist.xml; path = Info.plist; sourceTree = "<group>"; };
		93AAFFFDE1E692191246C896 /* Pods_Hazzle.framework */ = {isa = PBXFileReference; explicitFileType = wrapper.framework; includeInIndex = 0; path = Pods_Hazzle.framework; sourceTree = BUILT_PRODUCTS_DIR; };
		C659248EDDC20050AE66EA1C /* Pods-Hazzle.debug.xcconfig */ = {isa = PBXFileReference; includeInIndex = 1; lastKnownFileType = text.xcconfig; name = "Pods-Hazzle.debug.xcconfig"; path = "Target Support Files/Pods-Hazzle/Pods-Hazzle.debug.xcconfig"; sourceTree = "<group>"; };
		E8AEF4D7BB9C954273BE2F55 /* Pods-Hazzle.release.xcconfig */ = {isa = PBXFileReference; includeInIndex = 1; lastKnownFileType = text.xcconfig; name = "Pods-Hazzle.release.xcconfig"; path = "Target Support Files/Pods-Hazzle/Pods-Hazzle.release.xcconfig"; sourceTree = "<group>"; };
/* End PBXFileReference section */

/* Begin PBXFrameworksBuildPhase section */
		87E2776A2539B34300D0F2B2 /* Frameworks */ = {
			isa = PBXFrameworksBuildPhase;
			buildActionMask = 2147483647;
			files = (
				690132503D971188C3C4DBB9 /* Pods_Hazzle.framework in Frameworks */,
			);
			runOnlyForDeploymentPostprocessing = 0;
		};
/* End PBXFrameworksBuildPhase section */

/* Begin PBXGroup section */
		67B9133EB8D85581AD309F30 /* Frameworks */ = {
			isa = PBXGroup;
			children = (
				93AAFFFDE1E692191246C896 /* Pods_Hazzle.framework */,
			);
			name = Frameworks;
			sourceTree = "<group>";
		};
		872C15F6253EB81D007EC5A3 /* Model */ = {
			isa = PBXGroup;
			children = (
				872C15F7253EB833007EC5A3 /* Habit.swift */,
				872C15FA253EB905007EC5A3 /* Memo.swift */,
			);
			path = Model;
			sourceTree = "<group>";
		};
		87E277642539B34300D0F2B2 = {
			isa = PBXGroup;
			children = (
				87E2776F2539B34300D0F2B2 /* Hazzle */,
				87E2776E2539B34300D0F2B2 /* Products */,
				C994B74596181266C852429A /* Pods */,
				67B9133EB8D85581AD309F30 /* Frameworks */,
			);
			sourceTree = "<group>";
		};
		87E2776E2539B34300D0F2B2 /* Products */ = {
			isa = PBXGroup;
			children = (
				87E2776D2539B34300D0F2B2 /* Hazzle.app */,
			);
			name = Products;
			sourceTree = "<group>";
		};
		87E2776F2539B34300D0F2B2 /* Hazzle */ = {
			isa = PBXGroup;
			children = (
				872C15F6253EB81D007EC5A3 /* Model */,
				87E277702539B34300D0F2B2 /* AppDelegate.swift */,
				87E277722539B34300D0F2B2 /* SceneDelegate.swift */,
				87E277742539B34300D0F2B2 /* ViewController.swift */,
				87E277762539B34300D0F2B2 /* Main.storyboard */,
				87E277792539B34400D0F2B2 /* Assets.xcassets */,
				87E2777B2539B34400D0F2B2 /* LaunchScreen.storyboard */,
				87E2777E2539B34400D0F2B2 /* Info.plist */,
			);
			path = Hazzle;
			sourceTree = "<group>";
		};
		C994B74596181266C852429A /* Pods */ = {
			isa = PBXGroup;
			children = (
				C659248EDDC20050AE66EA1C /* Pods-Hazzle.debug.xcconfig */,
				E8AEF4D7BB9C954273BE2F55 /* Pods-Hazzle.release.xcconfig */,
			);
			path = Pods;
			sourceTree = "<group>";
		};
/* End PBXGroup section */

/* Begin PBXNativeTarget section */
		87E2776C2539B34300D0F2B2 /* Hazzle */ = {
			isa = PBXNativeTarget;
			buildConfigurationList = 87E277812539B34400D0F2B2 /* Build configuration list for PBXNativeTarget "Hazzle" */;
			buildPhases = (
				6B2AE4696FDF49DAFC900537 /* [CP] Check Pods Manifest.lock */,
				87E277692539B34300D0F2B2 /* Sources */,
				87E2776A2539B34300D0F2B2 /* Frameworks */,
				87E2776B2539B34300D0F2B2 /* Resources */,
				357133E2CACFBC6974EA91C5 /* [CP] Embed Pods Frameworks */,
			);
			buildRules = (
			);
			dependencies = (
			);
			name = Hazzle;
			productName = Hazzle;
			productReference = 87E2776D2539B34300D0F2B2 /* Hazzle.app */;
			productType = "com.apple.product-type.application";
		};
/* End PBXNativeTarget section */

/* Begin PBXProject section */
		87E277652539B34300D0F2B2 /* Project object */ = {
			isa = PBXProject;
			attributes = {
				LastSwiftUpdateCheck = 1200;
				LastUpgradeCheck = 1200;
				TargetAttributes = {
					87E2776C2539B34300D0F2B2 = {
						CreatedOnToolsVersion = 12.0.1;
					};
				};
			};
			buildConfigurationList = 87E277682539B34300D0F2B2 /* Build configuration list for PBXProject "Hazzle" */;
			compatibilityVersion = "Xcode 9.3";
			developmentRegion = en;
			hasScannedForEncodings = 0;
			knownRegions = (
				en,
				Base,
			);
			mainGroup = 87E277642539B34300D0F2B2;
			productRefGroup = 87E2776E2539B34300D0F2B2 /* Products */;
			projectDirPath = "";
			projectRoot = "";
			targets = (
				87E2776C2539B34300D0F2B2 /* Hazzle */,
			);
		};
/* End PBXProject section */

/* Begin PBXResourcesBuildPhase section */
		87E2776B2539B34300D0F2B2 /* Resources */ = {
			isa = PBXResourcesBuildPhase;
			buildActionMask = 2147483647;
			files = (
				87E2777D2539B34400D0F2B2 /* LaunchScreen.storyboard in Resources */,
				87E2777A2539B34400D0F2B2 /* Assets.xcassets in Resources */,
				87E277782539B34300D0F2B2 /* Main.storyboard in Resources */,
			);
			runOnlyForDeploymentPostprocessing = 0;
		};
/* End PBXResourcesBuildPhase section */

/* Begin PBXShellScriptBuildPhase section */
		357133E2CACFBC6974EA91C5 /* [CP] Embed Pods Frameworks */ = {
			isa = PBXShellScriptBuildPhase;
			buildActionMask = 2147483647;
			files = (
			);
			inputFileListPaths = (
				"${PODS_ROOT}/Target Support Files/Pods-Hazzle/Pods-Hazzle-frameworks-${CONFIGURATION}-input-files.xcfilelist",
			);
			name = "[CP] Embed Pods Frameworks";
			outputFileListPaths = (
				"${PODS_ROOT}/Target Support Files/Pods-Hazzle/Pods-Hazzle-frameworks-${CONFIGURATION}-output-files.xcfilelist",
			);
			runOnlyForDeploymentPostprocessing = 0;
			shellPath = /bin/sh;
			shellScript = "\"${PODS_ROOT}/Target Support Files/Pods-Hazzle/Pods-Hazzle-frameworks.sh\"\n";
			showEnvVarsInLog = 0;
		};
		6B2AE4696FDF49DAFC900537 /* [CP] Check Pods Manifest.lock */ = {
			isa = PBXShellScriptBuildPhase;
			buildActionMask = 2147483647;
			files = (
			);
			inputFileListPaths = (
			);
			inputPaths = (
				"${PODS_PODFILE_DIR_PATH}/Podfile.lock",
				"${PODS_ROOT}/Manifest.lock",
			);
			name = "[CP] Check Pods Manifest.lock";
			outputFileListPaths = (
			);
			outputPaths = (
				"$(DERIVED_FILE_DIR)/Pods-Hazzle-checkManifestLockResult.txt",
			);
			runOnlyForDeploymentPostprocessing = 0;
			shellPath = /bin/sh;
			shellScript = "diff \"${PODS_PODFILE_DIR_PATH}/Podfile.lock\" \"${PODS_ROOT}/Manifest.lock\" > /dev/null\nif [ $? != 0 ] ; then\n    # print error to STDERR\n    echo \"error: The sandbox is not in sync with the Podfile.lock. Run 'pod install' or update your CocoaPods installation.\" >&2\n    exit 1\nfi\n# This output is used by Xcode 'outputs' to avoid re-running this script phase.\necho \"SUCCESS\" > \"${SCRIPT_OUTPUT_FILE_0}\"\n";
			showEnvVarsInLog = 0;
		};
/* End PBXShellScriptBuildPhase section */

/* Begin PBXSourcesBuildPhase section */
		87E277692539B34300D0F2B2 /* Sources */ = {
			isa = PBXSourcesBuildPhase;
			buildActionMask = 2147483647;
			files = (
				87E277752539B34300D0F2B2 /* ViewController.swift in Sources */,
				87E277712539B34300D0F2B2 /* AppDelegate.swift in Sources */,
				872C15F8253EB833007EC5A3 /* Habit.swift in Sources */,
				87E277732539B34300D0F2B2 /* SceneDelegate.swift in Sources */,
				872C15FB253EB905007EC5A3 /* Memo.swift in Sources */,
			);
			runOnlyForDeploymentPostprocessing = 0;
		};
/* End PBXSourcesBuildPhase section */

/* Begin PBXVariantGroup section */
		87E277762539B34300D0F2B2 /* Main.storyboard */ = {
			isa = PBXVariantGroup;
			children = (
				87E277772539B34300D0F2B2 /* Base */,
			);
			name = Main.storyboard;
			sourceTree = "<group>";
		};
		87E2777B2539B34400D0F2B2 /* LaunchScreen.storyboard */ = {
			isa = PBXVariantGroup;
			children = (
				87E2777C2539B34400D0F2B2 /* Base */,
			);
			name = LaunchScreen.storyboard;
			sourceTree = "<group>";
		};
/* End PBXVariantGroup section */

/* Begin XCBuildConfiguration section */
		87E2777F2539B34400D0F2B2 /* Debug */ = {
			isa = XCBuildConfiguration;
			buildSettings = {
				ALWAYS_SEARCH_USER_PATHS = NO;
				CLANG_ANALYZER_NONNULL = YES;
				CLANG_ANALYZER_NUMBER_OBJECT_CONVERSION = YES_AGGRESSIVE;
				CLANG_CXX_LANGUAGE_STANDARD = "gnu++14";
				CLANG_CXX_LIBRARY = "libc++";
				CLANG_ENABLE_MODULES = YES;
				CLANG_ENABLE_OBJC_ARC = YES;
				CLANG_ENABLE_OBJC_WEAK = YES;
				CLANG_WARN_BLOCK_CAPTURE_AUTORELEASING = YES;
				CLANG_WARN_BOOL_CONVERSION = YES;
				CLANG_WARN_COMMA = YES;
				CLANG_WARN_CONSTANT_CONVERSION = YES;
				CLANG_WARN_DEPRECATED_OBJC_IMPLEMENTATIONS = YES;
				CLANG_WARN_DIRECT_OBJC_ISA_USAGE = YES_ERROR;
				CLANG_WARN_DOCUMENTATION_COMMENTS = YES;
				CLANG_WARN_EMPTY_BODY = YES;
				CLANG_WARN_ENUM_CONVERSION = YES;
				CLANG_WARN_INFINITE_RECURSION = YES;
				CLANG_WARN_INT_CONVERSION = YES;
				CLANG_WARN_NON_LITERAL_NULL_CONVERSION = YES;
				CLANG_WARN_OBJC_IMPLICIT_RETAIN_SELF = YES;
				CLANG_WARN_OBJC_LITERAL_CONVERSION = YES;
				CLANG_WARN_OBJC_ROOT_CLASS = YES_ERROR;
				CLANG_WARN_QUOTED_INCLUDE_IN_FRAMEWORK_HEADER = YES;
				CLANG_WARN_RANGE_LOOP_ANALYSIS = YES;
				CLANG_WARN_STRICT_PROTOTYPES = YES;
				CLANG_WARN_SUSPICIOUS_MOVE = YES;
				CLANG_WARN_UNGUARDED_AVAILABILITY = YES_AGGRESSIVE;
				CLANG_WARN_UNREACHABLE_CODE = YES;
				CLANG_WARN__DUPLICATE_METHOD_MATCH = YES;
				COPY_PHASE_STRIP = NO;
				DEBUG_INFORMATION_FORMAT = dwarf;
				ENABLE_STRICT_OBJC_MSGSEND = YES;
				ENABLE_TESTABILITY = YES;
				GCC_C_LANGUAGE_STANDARD = gnu11;
				GCC_DYNAMIC_NO_PIC = NO;
				GCC_NO_COMMON_BLOCKS = YES;
				GCC_OPTIMIZATION_LEVEL = 0;
				GCC_PREPROCESSOR_DEFINITIONS = (
					"DEBUG=1",
					"$(inherited)",
				);
				GCC_WARN_64_TO_32_BIT_CONVERSION = YES;
				GCC_WARN_ABOUT_RETURN_TYPE = YES_ERROR;
				GCC_WARN_UNDECLARED_SELECTOR = YES;
				GCC_WARN_UNINITIALIZED_AUTOS = YES_AGGRESSIVE;
				GCC_WARN_UNUSED_FUNCTION = YES;
				GCC_WARN_UNUSED_VARIABLE = YES;
				IPHONEOS_DEPLOYMENT_TARGET = 12.0;
				MTL_ENABLE_DEBUG_INFO = INCLUDE_SOURCE;
				MTL_FAST_MATH = YES;
				ONLY_ACTIVE_ARCH = YES;
				SDKROOT = iphoneos;
				SWIFT_ACTIVE_COMPILATION_CONDITIONS = DEBUG;
				SWIFT_OPTIMIZATION_LEVEL = "-Onone";
			};
			name = Debug;
		};
		87E277802539B34400D0F2B2 /* Release */ = {
			isa = XCBuildConfiguration;
			buildSettings = {
				ALWAYS_SEARCH_USER_PATHS = NO;
				CLANG_ANALYZER_NONNULL = YES;
				CLANG_ANALYZER_NUMBER_OBJECT_CONVERSION = YES_AGGRESSIVE;
				CLANG_CXX_LANGUAGE_STANDARD = "gnu++14";
				CLANG_CXX_LIBRARY = "libc++";
				CLANG_ENABLE_MODULES = YES;
				CLANG_ENABLE_OBJC_ARC = YES;
				CLANG_ENABLE_OBJC_WEAK = YES;
				CLANG_WARN_BLOCK_CAPTURE_AUTORELEASING = YES;
				CLANG_WARN_BOOL_CONVERSION = YES;
				CLANG_WARN_COMMA = YES;
				CLANG_WARN_CONSTANT_CONVERSION = YES;
				CLANG_WARN_DEPRECATED_OBJC_IMPLEMENTATIONS = YES;
				CLANG_WARN_DIRECT_OBJC_ISA_USAGE = YES_ERROR;
				CLANG_WARN_DOCUMENTATION_COMMENTS = YES;
				CLANG_WARN_EMPTY_BODY = YES;
				CLANG_WARN_ENUM_CONVERSION = YES;
				CLANG_WARN_INFINITE_RECURSION = YES;
				CLANG_WARN_INT_CONVERSION = YES;
				CLANG_WARN_NON_LITERAL_NULL_CONVERSION = YES;
				CLANG_WARN_OBJC_IMPLICIT_RETAIN_SELF = YES;
				CLANG_WARN_OBJC_LITERAL_CONVERSION = YES;
				CLANG_WARN_OBJC_ROOT_CLASS = YES_ERROR;
				CLANG_WARN_QUOTED_INCLUDE_IN_FRAMEWORK_HEADER = YES;
				CLANG_WARN_RANGE_LOOP_ANALYSIS = YES;
				CLANG_WARN_STRICT_PROTOTYPES = YES;
				CLANG_WARN_SUSPICIOUS_MOVE = YES;
				CLANG_WARN_UNGUARDED_AVAILABILITY = YES_AGGRESSIVE;
				CLANG_WARN_UNREACHABLE_CODE = YES;
				CLANG_WARN__DUPLICATE_METHOD_MATCH = YES;
				COPY_PHASE_STRIP = NO;
				DEBUG_INFORMATION_FORMAT = "dwarf-with-dsym";
				ENABLE_NS_ASSERTIONS = NO;
				ENABLE_STRICT_OBJC_MSGSEND = YES;
				GCC_C_LANGUAGE_STANDARD = gnu11;
				GCC_NO_COMMON_BLOCKS = YES;
				GCC_WARN_64_TO_32_BIT_CONVERSION = YES;
				GCC_WARN_ABOUT_RETURN_TYPE = YES_ERROR;
				GCC_WARN_UNDECLARED_SELECTOR = YES;
				GCC_WARN_UNINITIALIZED_AUTOS = YES_AGGRESSIVE;
				GCC_WARN_UNUSED_FUNCTION = YES;
				GCC_WARN_UNUSED_VARIABLE = YES;
				IPHONEOS_DEPLOYMENT_TARGET = 12.0;
				MTL_ENABLE_DEBUG_INFO = NO;
				MTL_FAST_MATH = YES;
				SDKROOT = iphoneos;
				SWIFT_COMPILATION_MODE = wholemodule;
				SWIFT_OPTIMIZATION_LEVEL = "-O";
				VALIDATE_PRODUCT = YES;
			};
			name = Release;
		};
		87E277822539B34400D0F2B2 /* Debug */ = {
			isa = XCBuildConfiguration;
			baseConfigurationReference = C659248EDDC20050AE66EA1C /* Pods-Hazzle.debug.xcconfig */;
			buildSettings = {
				ASSETCATALOG_COMPILER_APPICON_NAME = AppIcon;
				ASSETCATALOG_COMPILER_GLOBAL_ACCENT_COLOR_NAME = AccentColor;
				CODE_SIGN_STYLE = Automatic;
				INFOPLIST_FILE = Hazzle/Info.plist;
				LD_RUNPATH_SEARCH_PATHS = (
					"$(inherited)",
					"@executable_path/Frameworks",
				);
				PRODUCT_BUNDLE_IDENTIFIER = dev.jiwon.Hazzle;
				PRODUCT_NAME = "$(TARGET_NAME)";
				SWIFT_VERSION = 5.0;
				TARGETED_DEVICE_FAMILY = "1,2";
			};
			name = Debug;
		};
		87E277832539B34400D0F2B2 /* Release */ = {
			isa = XCBuildConfiguration;
			baseConfigurationReference = E8AEF4D7BB9C954273BE2F55 /* Pods-Hazzle.release.xcconfig */;
			buildSettings = {
				ASSETCATALOG_COMPILER_APPICON_NAME = AppIcon;
				ASSETCATALOG_COMPILER_GLOBAL_ACCENT_COLOR_NAME = AccentColor;
				CODE_SIGN_STYLE = Automatic;
				INFOPLIST_FILE = Hazzle/Info.plist;
				LD_RUNPATH_SEARCH_PATHS = (
					"$(inherited)",
					"@executable_path/Frameworks",
				);
				PRODUCT_BUNDLE_IDENTIFIER = dev.jiwon.Hazzle;
				PRODUCT_NAME = "$(TARGET_NAME)";
				SWIFT_VERSION = 5.0;
				TARGETED_DEVICE_FAMILY = "1,2";
			};
			name = Release;
		};
/* End XCBuildConfiguration section */

/* Begin XCConfigurationList section */
		87E277682539B34300D0F2B2 /* Build configuration list for PBXProject "Hazzle" */ = {
			isa = XCConfigurationList;
			buildConfigurations = (
				87E2777F2539B34400D0F2B2 /* Debug */,
				87E277802539B34400D0F2B2 /* Release */,
			);
			defaultConfigurationIsVisible = 0;
			defaultConfigurationName = Release;
		};
		87E277812539B34400D0F2B2 /* Build configuration list for PBXNativeTarget "Hazzle" */ = {
			isa = XCConfigurationList;
			buildConfigurations = (
				87E277822539B34400D0F2B2 /* Debug */,
				87E277832539B34400D0F2B2 /* Release */,
			);
			defaultConfigurationIsVisible = 0;
			defaultConfigurationName = Release;
		};
/* End XCConfigurationList section */
	};
	rootObject = 87E277652539B34300D0F2B2 /* Project object */;
}
